
Microsoft Visual Studio Solution File, Format Version 12.00
# Visual Studio Version 16
VisualStudioVersion = 16.0.30711.63
MinimumVisualStudioVersion = 10.0.40219.1
Project("{9A19103F-16F7-4668-BE54-9A1E7A4F7556}") = "Novalia", "Novalia.csproj", "{08B52B51-028A-43D3-94BD-4CA6BC362DCD}"
EndProject
Project("{9A19103F-16F7-4668-BE54-9A1E7A4F7556}") = "TheSadRogue.Integration", "..\TheSadRogue.Integration\TheSadRogue.Integration\TheSadRogue.Integration.csproj", "{9A02BBC9-511D-459E-9F5F-9A20FE6B3776}"
EndProject
Global
	GlobalSection(SolutionConfigurationPlatforms) = preSolution
		Debug|Any CPU = Debug|Any CPU
		Release|Any CPU = Release|Any CPU
	EndGlobalSection
	GlobalSection(ProjectConfigurationPlatforms) = postSolution
		{08B52B51-028A-43D3-94BD-4CA6BC362DCD}.Debug|Any CPU.ActiveCfg = Debug|Any CPU
		{08B52B51-028A-43D3-94BD-4CA6BC362DCD}.Debug|Any CPU.Build.0 = Debug|Any CPU
		{08B52B51-028A-43D3-94BD-4CA6BC362DCD}.Release|Any CPU.ActiveCfg = Release|Any CPU
		{08B52B51-028A-43D3-94BD-4CA6BC362DCD}.Release|Any CPU.Build.0 = Release|Any CPU
		{9A02BBC9-511D-459E-9F5F-9A20FE6B3776}.Debug|Any CPU.ActiveCfg = Debug|Any CPU
		{9A02BBC9-511D-459E-9F5F-9A20FE6B3776}.Debug|Any CPU.Build.0 = Debug|Any CPU
		{9A02BBC9-511D-459E-9F5F-9A20FE6B3776}.Release|Any CPU.ActiveCfg = Release|Any CPU
		{9A02BBC9-511D-459E-9F5F-9A20FE6B3776}.Release|Any CPU.Build.0 = Release|Any CPU
	EndGlobalSection
	GlobalSection(SolutionProperties) = preSolution
		HideSolutionNode = FALSE
	EndGlobalSection
	GlobalSection(ExtensibilityGlobals) = postSolution
		SolutionGuid = {8BA4B7CA-1C86-4D80-B866-0C02ADE62B0C}
	EndGlobalSection
EndGlobal
